
Microsoft Visual Studio Solution File, Format Version 12.00
# Visual Studio 14
VisualStudioVersion = 14.0.25420.1
MinimumVisualStudioVersion = 10.0.40219.1
Project("{2150E333-8FDC-42A3-9474-1A3956D46DE8}") = "UI", "UI", "{6415E2B6-26A2-4305-BA42-4867B5B88058}"
EndProject
Project("{2150E333-8FDC-42A3-9474-1A3956D46DE8}") = "Bounded Contexts", "Bounded Contexts", "{B3D1870A-B633-4267-AC5D-9EE6D044C3C4}"
EndProject
Project("{2150E333-8FDC-42A3-9474-1A3956D46DE8}") = "Operational Application", "Operational Application", "{34E6582C-8A84-410B-B44B-9B066C4ACD04}"
EndProject
Project("{2150E333-8FDC-42A3-9474-1A3956D46DE8}") = "Public Application", "Public Application", "{7A61E4D4-0B9C-4973-A363-A31F15C4A5E5}"
EndProject
Project("{FAE04EC0-301F-11D3-BF4B-00C04F79EFBC}") = "DVDRental.Ui", "DVDRental.Ui\DVDRental.Ui.csproj", "{6BD45CF4-67CE-4BB0-B74E-7DE1554050A3}"
EndProject
Project("{FAE04EC0-301F-11D3-BF4B-00C04F79EFBC}") = "DVDRental.Public.ApplicationService", "DVDRental.Public.ApplicationService\DVDRental.Public.ApplicationService.csproj", "{4371E2D9-E22A-4E7C-9519-5AACE57C1EB7}"
EndProject
Project("{2150E333-8FDC-42A3-9474-1A3956D46DE8}") = "Catalogue", "Catalogue", "{F0475581-67E2-4A25-8B1E-06AE1B8203E4}"
EndProject
Project("{FAE04EC0-301F-11D3-BF4B-00C04F79EFBC}") = "DVDRental.Catalogue", "DVDRental.Catalogue\DVDRental.Catalogue.csproj", "{C0A84583-311D-4D74-B932-CA4877F5260D}"
EndProject
Project("{FAE04EC0-301F-11D3-BF4B-00C04F79EFBC}") = "DVDRental.Operational.ApplicationService", "DVDRental.Operational.ApplicationService\DVDRental.Operational.ApplicationService.csproj", "{A900C3D1-1A1A-4412-9211-3F6520E0EC4A}"
EndProject
Project("{FAE04EC0-301F-11D3-BF4B-00C04F79EFBC}") = "DVDRental.Operational.UI", "DVDRental.Operational.UI\DVDRental.Operational.UI.csproj", "{45A83E3B-256B-4847-878D-8F3FCB214D05}"
EndProject
Project("{FAE04EC0-301F-11D3-BF4B-00C04F79EFBC}") = "DVDRenatal.Infrastructure", "DVDRenatal.Infrastructure\DVDRenatal.Infrastructure.csproj", "{192EC90E-5B46-46EE-8DF8-F179C257F794}"
EndProject
Project("{2150E333-8FDC-42A3-9474-1A3956D46DE8}") = "Fulfillment", "Fulfillment", "{55927D4B-3ACE-4005-8F44-2CA36586570B}"
EndProject
Project("{FAE04EC0-301F-11D3-BF4B-00C04F79EFBC}") = "DVDRental.Fulfillment", "DVDRental.Fulfillment\DVDRental.Fulfillment.csproj", "{81A20D0D-984D-4DFF-AED3-7C3B252583EB}"
EndProject
Project("{2150E333-8FDC-42A3-9474-1A3956D46DE8}") = "Subscription", "Subscription", "{2CF87509-DC12-49F3-AD66-0DDECDAD9F9A}"
EndProject
Project("{FAE04EC0-301F-11D3-BF4B-00C04F79EFBC}") = "DVDRental.Subscription", "DVDRental.Subscription\DVDRental.Subscription.csproj", "{07B6CF30-8CCA-4A2A-A099-431CF62D3468}"
EndProject
Project("{FAE04EC0-301F-11D3-BF4B-00C04F79EFBC}") = "DVDRenatal.Repository", "DVDRenatal.Repository\DVDRenatal.Repository.csproj", "{78598D39-D460-4F98-BEA4-3A690DAB1414}"
EndProject
Global
	GlobalSection(SolutionConfigurationPlatforms) = preSolution
		Debug|Any CPU = Debug|Any CPU
		Release|Any CPU = Release|Any CPU
	EndGlobalSection
	GlobalSection(ProjectConfigurationPlatforms) = postSolution
		{6BD45CF4-67CE-4BB0-B74E-7DE1554050A3}.Debug|Any CPU.ActiveCfg = Debug|Any CPU
		{6BD45CF4-67CE-4BB0-B74E-7DE1554050A3}.Debug|Any CPU.Build.0 = Debug|Any CPU
		{6BD45CF4-67CE-4BB0-B74E-7DE1554050A3}.Release|Any CPU.ActiveCfg = Release|Any CPU
		{6BD45CF4-67CE-4BB0-B74E-7DE1554050A3}.Release|Any CPU.Build.0 = Release|Any CPU
		{4371E2D9-E22A-4E7C-9519-5AACE57C1EB7}.Debug|Any CPU.ActiveCfg = Debug|Any CPU
		{4371E2D9-E22A-4E7C-9519-5AACE57C1EB7}.Debug|Any CPU.Build.0 = Debug|Any CPU
		{4371E2D9-E22A-4E7C-9519-5AACE57C1EB7}.Release|Any CPU.ActiveCfg = Release|Any CPU
		{4371E2D9-E22A-4E7C-9519-5AACE57C1EB7}.Release|Any CPU.Build.0 = Release|Any CPU
		{C0A84583-311D-4D74-B932-CA4877F5260D}.Debug|Any CPU.ActiveCfg = Debug|Any CPU
		{C0A84583-311D-4D74-B932-CA4877F5260D}.Debug|Any CPU.Build.0 = Debug|Any CPU
		{C0A84583-311D-4D74-B932-CA4877F5260D}.Release|Any CPU.ActiveCfg = Release|Any CPU
		{C0A84583-311D-4D74-B932-CA4877F5260D}.Release|Any CPU.Build.0 = Release|Any CPU
		{A900C3D1-1A1A-4412-9211-3F6520E0EC4A}.Debug|Any CPU.ActiveCfg = Debug|Any CPU
		{A900C3D1-1A1A-4412-9211-3F6520E0EC4A}.Debug|Any CPU.Build.0 = Debug|Any CPU
		{A900C3D1-1A1A-4412-9211-3F6520E0EC4A}.Release|Any CPU.ActiveCfg = Release|Any CPU
		{A900C3D1-1A1A-4412-9211-3F6520E0EC4A}.Release|Any CPU.Build.0 = Release|Any CPU
		{45A83E3B-256B-4847-878D-8F3FCB214D05}.Debug|Any CPU.ActiveCfg = Debug|Any CPU
		{45A83E3B-256B-4847-878D-8F3FCB214D05}.Debug|Any CPU.Build.0 = Debug|Any CPU
		{45A83E3B-256B-4847-878D-8F3FCB214D05}.Release|Any CPU.ActiveCfg = Release|Any CPU
		{45A83E3B-256B-4847-878D-8F3FCB214D05}.Release|Any CPU.Build.0 = Release|Any CPU
		{192EC90E-5B46-46EE-8DF8-F179C257F794}.Debug|Any CPU.ActiveCfg = Debug|Any CPU
		{192EC90E-5B46-46EE-8DF8-F179C257F794}.Debug|Any CPU.Build.0 = Debug|Any CPU
		{192EC90E-5B46-46EE-8DF8-F179C257F794}.Release|Any CPU.ActiveCfg = Release|Any CPU
		{192EC90E-5B46-46EE-8DF8-F179C257F794}.Release|Any CPU.Build.0 = Release|Any CPU
		{81A20D0D-984D-4DFF-AED3-7C3B252583EB}.Debug|Any CPU.ActiveCfg = Debug|Any CPU
		{81A20D0D-984D-4DFF-AED3-7C3B252583EB}.Debug|Any CPU.Build.0 = Debug|Any CPU
		{81A20D0D-984D-4DFF-AED3-7C3B252583EB}.Release|Any CPU.ActiveCfg = Release|Any CPU
		{81A20D0D-984D-4DFF-AED3-7C3B252583EB}.Release|Any CPU.Build.0 = Release|Any CPU
		{07B6CF30-8CCA-4A2A-A099-431CF62D3468}.Debug|Any CPU.ActiveCfg = Debug|Any CPU
		{07B6CF30-8CCA-4A2A-A099-431CF62D3468}.Debug|Any CPU.Build.0 = Debug|Any CPU
		{07B6CF30-8CCA-4A2A-A099-431CF62D3468}.Release|Any CPU.ActiveCfg = Release|Any CPU
		{07B6CF30-8CCA-4A2A-A099-431CF62D3468}.Release|Any CPU.Build.0 = Release|Any CPU
		{78598D39-D460-4F98-BEA4-3A690DAB1414}.Debug|Any CPU.ActiveCfg = Debug|Any CPU
		{78598D39-D460-4F98-BEA4-3A690DAB1414}.Debug|Any CPU.Build.0 = Debug|Any CPU
		{78598D39-D460-4F98-BEA4-3A690DAB1414}.Release|Any CPU.ActiveCfg = Release|Any CPU
		{78598D39-D460-4F98-BEA4-3A690DAB1414}.Release|Any CPU.Build.0 = Release|Any CPU
	EndGlobalSection
	GlobalSection(SolutionProperties) = preSolution
		HideSolutionNode = FALSE
	EndGlobalSection
	GlobalSection(NestedProjects) = preSolution
		{34E6582C-8A84-410B-B44B-9B066C4ACD04} = {6415E2B6-26A2-4305-BA42-4867B5B88058}
		{7A61E4D4-0B9C-4973-A363-A31F15C4A5E5} = {6415E2B6-26A2-4305-BA42-4867B5B88058}
		{6BD45CF4-67CE-4BB0-B74E-7DE1554050A3} = {7A61E4D4-0B9C-4973-A363-A31F15C4A5E5}
		{4371E2D9-E22A-4E7C-9519-5AACE57C1EB7} = {7A61E4D4-0B9C-4973-A363-A31F15C4A5E5}
		{F0475581-67E2-4A25-8B1E-06AE1B8203E4} = {B3D1870A-B633-4267-AC5D-9EE6D044C3C4}
		{C0A84583-311D-4D74-B932-CA4877F5260D} = {F0475581-67E2-4A25-8B1E-06AE1B8203E4}
		{A900C3D1-1A1A-4412-9211-3F6520E0EC4A} = {34E6582C-8A84-410B-B44B-9B066C4ACD04}
		{45A83E3B-256B-4847-878D-8F3FCB214D05} = {34E6582C-8A84-410B-B44B-9B066C4ACD04}
		{192EC90E-5B46-46EE-8DF8-F179C257F794} = {B3D1870A-B633-4267-AC5D-9EE6D044C3C4}
		{55927D4B-3ACE-4005-8F44-2CA36586570B} = {B3D1870A-B633-4267-AC5D-9EE6D044C3C4}
		{81A20D0D-984D-4DFF-AED3-7C3B252583EB} = {55927D4B-3ACE-4005-8F44-2CA36586570B}
		{2CF87509-DC12-49F3-AD66-0DDECDAD9F9A} = {B3D1870A-B633-4267-AC5D-9EE6D044C3C4}
		{07B6CF30-8CCA-4A2A-A099-431CF62D3468} = {2CF87509-DC12-49F3-AD66-0DDECDAD9F9A}
		{78598D39-D460-4F98-BEA4-3A690DAB1414} = {B3D1870A-B633-4267-AC5D-9EE6D044C3C4}
	EndGlobalSection
EndGlobal
